{
  "name": "jmrecipe",
  "lockfileVersion": 3,
  "requires": true,
  "packages": {
    "": {
      "dependencies": {
        "ccusage": "^15.9.5",
        "crypto-js": "^4.2.0"
      }
    },
    "node_modules/ccusage": {
      "version": "15.9.5",
      "resolved": "https://registry.npmmirror.com/ccusage/-/ccusage-15.9.5.tgz",
      "integrity": "sha512-qovG9S4rP24w70PanPDE32cTrc1UACgqJiDEMsJZVOvMqn8wKxM+DSQOu2EsvXSeEtbntacOQFhpEPECduZaMQ==",
      "license": "MIT",
      "bin": {
        "ccusage": "dist/index.js"
      },
      "engines": {
        "node": ">=20.19.4"
      },
      "funding": {
        "url": "https://github.com/ryoppippi/ccusage?sponsor=1"
      }
    },
    "node_modules/crypto-js": {
      "version": "4.2.0",
      "resolved": "https://registry.npmmirror.com/crypto-js/-/crypto-js-4.2.0.tgz",
      "integrity": "sha512-KALDyEYgpY+Rlob/iriUtjV6d5Eq+Y191A5g4UqLAi8CyGP9N1+FdVbkc1SxKc2r4YAYqG8JzO2KGL+AizD70Q==",
      "license": "MIT"
    }
  }
}
